
Microsoft Visual Studio Solution File, Format Version 12.00
# Visual Studio 15
VisualStudioVersion = 15.0.28307.645
MinimumVisualStudioVersion = 10.0.40219.1
Project("{DA7A21FA-8162-4350-AD77-A8D1B671F3ED}") = "Time-Series-Forecasting", "Time-Series-Forecasting.rxproj", "{CE1668CF-1AAE-4FEA-AE62-4A7E591EDB31}"
EndProject
Global
	GlobalSection(SolutionConfigurationPlatforms) = preSolution
		Debug|Any CPU = Debug|Any CPU
		Release|Any CPU = Release|Any CPU
	EndGlobalSection
	GlobalSection(ProjectConfigurationPlatforms) = postSolution
		{CE1668CF-1AAE-4FEA-AE62-4A7E591EDB31}.Debug|Any CPU.ActiveCfg = Debug|Any CPU
		{CE1668CF-1AAE-4FEA-AE62-4A7E591EDB31}.Debug|Any CPU.Build.0 = Debug|Any CPU
		{CE1668CF-1AAE-4FEA-AE62-4A7E591EDB31}.Release|Any CPU.ActiveCfg = Release|Any CPU
		{CE1668CF-1AAE-4FEA-AE62-4A7E591EDB31}.Release|Any CPU.Build.0 = Release|Any CPU
	EndGlobalSection
	GlobalSection(SolutionProperties) = preSolution
		HideSolutionNode = FALSE
	EndGlobalSection
	GlobalSection(ExtensibilityGlobals) = postSolution
		SolutionGuid = {7B2681F0-1804-4DB8-927E-C067C6364213}
	EndGlobalSection
EndGlobal
